
Microsoft Visual Studio Solution File, Format Version 12.00
# Visual Studio Version 17
VisualStudioVersion = 17.2.32616.157
MinimumVisualStudioVersion = 10.0.40219.1
Project("{9A19103F-16F7-4668-BE54-9A1E7A4F7556}") = "TickTackToe", "TickTackToe.csproj", "{6DDCBCAD-6969-4C0E-B25A-0DBA4B7A5BDD}"
EndProject
Global
	GlobalSection(SolutionConfigurationPlatforms) = preSolution
		Debug|Any CPU = Debug|Any CPU
		Release|Any CPU = Release|Any CPU
	EndGlobalSection
	GlobalSection(ProjectConfigurationPlatforms) = postSolution
		{6DDCBCAD-6969-4C0E-B25A-0DBA4B7A5BDD}.Debug|Any CPU.ActiveCfg = Debug|Any CPU
		{6DDCBCAD-6969-4C0E-B25A-0DBA4B7A5BDD}.Debug|Any CPU.Build.0 = Debug|Any CPU
		{6DDCBCAD-6969-4C0E-B25A-0DBA4B7A5BDD}.Release|Any CPU.ActiveCfg = Release|Any CPU
		{6DDCBCAD-6969-4C0E-B25A-0DBA4B7A5BDD}.Release|Any CPU.Build.0 = Release|Any CPU
	EndGlobalSection
	GlobalSection(SolutionProperties) = preSolution
		HideSolutionNode = FALSE
	EndGlobalSection
	GlobalSection(ExtensibilityGlobals) = postSolution
		SolutionGuid = {F01B61B8-C8B8-4485-B3BC-9A4E9527FD75}
	EndGlobalSection
EndGlobal
